
Microsoft Visual Studio Solution File, Format Version 12.00
# Visual Studio Version 17
VisualStudioVersion = 17.4.33110.190
MinimumVisualStudioVersion = 10.0.40219.1
Project("{FAE04EC0-301F-11D3-BF4B-00C04F79EFBC}") = "Backend_For_2_Do_List", "Backend_For_2_Do_List\Backend_For_2_Do_List.csproj", "{4D914B68-A850-4E1A-8529-750B0A25560A}"
EndProject
Global
	GlobalSection(SolutionConfigurationPlatforms) = preSolution
		Debug|Any CPU = Debug|Any CPU
		Release|Any CPU = Release|Any CPU
	EndGlobalSection
	GlobalSection(ProjectConfigurationPlatforms) = postSolution
		{4D914B68-A850-4E1A-8529-750B0A25560A}.Debug|Any CPU.ActiveCfg = Debug|Any CPU
		{4D914B68-A850-4E1A-8529-750B0A25560A}.Debug|Any CPU.Build.0 = Debug|Any CPU
		{4D914B68-A850-4E1A-8529-750B0A25560A}.Release|Any CPU.ActiveCfg = Release|Any CPU
		{4D914B68-A850-4E1A-8529-750B0A25560A}.Release|Any CPU.Build.0 = Release|Any CPU
	EndGlobalSection
	GlobalSection(SolutionProperties) = preSolution
		HideSolutionNode = FALSE
	EndGlobalSection
	GlobalSection(ExtensibilityGlobals) = postSolution
		SolutionGuid = {00CA728B-EADF-4E85-993D-3E8A9CD552C8}
	EndGlobalSection
EndGlobal
